// !$*UTF8*$!
{
	archiveVersion = 1;
	classes = {
	};
	objectVersion = 50;
	objects = {

/* Begin PBXBuildFile section */
		04EC1B9E2074B2EC0069F13E /* AppDelegate.swift in Sources */ = {isa = PBXBuildFile; fileRef = 04EC1B9D2074B2EC0069F13E /* AppDelegate.swift */; };
		04EC1BA02074B2EC0069F13E /* ViewController.swift in Sources */ = {isa = PBXBuildFile; fileRef = 04EC1B9F2074B2EC0069F13E /* ViewController.swift */; };
		04EC1BA32074B2EC0069F13E /* Main.storyboard in Resources */ = {isa = PBXBuildFile; fileRef = 04EC1BA12074B2EC0069F13E /* Main.storyboard */; };
		04EC1BA52074B2ED0069F13E /* Assets.xcassets in Resources */ = {isa = PBXBuildFile; fileRef = 04EC1BA42074B2ED0069F13E /* Assets.xcassets */; };
		04EC1BA82074B2ED0069F13E /* LaunchScreen.storyboard in Resources */ = {isa = PBXBuildFile; fileRef = 04EC1BA62074B2ED0069F13E /* LaunchScreen.storyboard */; };
		04EC1BB32074B2ED0069F13E /* jimmy99885Tests.swift in Sources */ = {isa = PBXBuildFile; fileRef = 04EC1BB22074B2ED0069F13E /* jimmy99885Tests.swift */; };
		04EC1BBE2074B2ED0069F13E /* jimmy99885UITests.swift in Sources */ = {isa = PBXBuildFile; fileRef = 04EC1BBD2074B2ED0069F13E /* jimmy99885UITests.swift */; };
/* End PBXBuildFile section */

/* Begin PBXContainerItemProxy section */
		04EC1BAF2074B2ED0069F13E /* PBXContainerItemProxy */ = {
			isa = PBXContainerItemProxy;
			containerPortal = 04EC1B922074B2EB0069F13E /* Project object */;
			proxyType = 1;
			remoteGlobalIDString = 04EC1B992074B2EC0069F13E;
			remoteInfo = jimmy99885;
		};
		04EC1BBA2074B2ED0069F13E /* PBXContainerItemProxy */ = {
			isa = PBXContainerItemProxy;
			containerPortal = 04EC1B922074B2EB0069F13E /* Project object */;
			proxyType = 1;
			remoteGlobalIDString = 04EC1B992074B2EC0069F13E;
			remoteInfo = jimmy99885;
		};
/* End PBXContainerItemProxy section */

/* Begin PBXFileReference section */
		04EC1B9A2074B2EC0069F13E /* jimmy99885.app */ = {isa = PBXFileReference; explicitFileType = wrapper.application; includeInIndex = 0; path = jimmy99885.app; sourceTree = BUILT_PRODUCTS_DIR; };
		04EC1B9D2074B2EC0069F13E /* AppDelegate.swift */ = {isa = PBXFileReference; lastKnownFileType = sourcecode.swift; path = AppDelegate.swift; sourceTree = "<group>"; };
		04EC1B9F2074B2EC0069F13E /* ViewController.swift */ = {isa = PBXFileReference; lastKnownFileType = sourcecode.swift; path = ViewController.swift; sourceTree = "<group>"; };
		04EC1BA22074B2EC0069F13E /* Base */ = {isa = PBXFileReference; lastKnownFileType = file.storyboard; name = Base; path = Base.lproj/Main.storyboard; sourceTree = "<group>"; };
		04EC1BA42074B2ED0069F13E /* Assets.xcassets */ = {isa = PBXFileReference; lastKnownFileType = folder.assetcatalog; path = Assets.xcassets; sourceTree = "<group>"; };
		04EC1BA72074B2ED0069F13E /* Base */ = {isa = PBXFileReference; lastKnownFileType = file.storyboard; name = Base; path = Base.lproj/LaunchScreen.storyboard; sourceTree = "<group>"; };
		04EC1BA92074B2ED0069F13E /* Info.plist */ = {isa = PBXFileReference; lastKnownFileType = text.plist.xml; path = Info.plist; sourceTree = "<group>"; };
		04EC1BAE2074B2ED0069F13E /* jimmy99885Tests.xctest */ = {isa = PBXFileReference; explicitFileType = wrapper.cfbundle; includeInIndex = 0; path = jimmy99885Tests.xctest; sourceTree = BUILT_PRODUCTS_DIR; };
		04EC1BB22074B2ED0069F13E /* jimmy99885Tests.swift */ = {isa = PBXFileReference; lastKnownFileType = sourcecode.swift; path = jimmy99885Tests.swift; sourceTree = "<group>"; };
		04EC1BB42074B2ED0069F13E /* Info.plist */ = {isa = PBXFileReference; lastKnownFileType = text.plist.xml; path = Info.plist; sourceTree = "<group>"; };
		04EC1BB92074B2ED0069F13E /* jimmy99885UITests.xctest */ = {isa = PBXFileReference; explicitFileType = wrapper.cfbundle; includeInIndex = 0; path = jimmy99885UITests.xctest; sourceTree = BUILT_PRODUCTS_DIR; };
		04EC1BBD2074B2ED0069F13E /* jimmy99885UITests.swift */ = {isa = PBXFileReference; lastKnownFileType = sourcecode.swift; path = jimmy99885UITests.swift; sourceTree = "<group>"; };
		04EC1BBF2074B2ED0069F13E /* Info.plist */ = {isa = PBXFileReference; lastKnownFileType = text.plist.xml; path = Info.plist; sourceTree = "<group>"; };
/* End PBXFileReference section */

/* Begin PBXFrameworksBuildPhase section */
		04EC1B972074B2EC0069F13E /* Frameworks */ = {
			isa = PBXFrameworksBuildPhase;
			buildActionMask = 2147483647;
			files = (
			);
			runOnlyForDeploymentPostprocessing = 0;
		};
		04EC1BAB2074B2ED0069F13E /* Frameworks */ = {
			isa = PBXFrameworksBuildPhase;
			buildActionMask = 2147483647;
			files = (
			);
			runOnlyForDeploymentPostprocessing = 0;
		};
		04EC1BB62074B2ED0069F13E /* Frameworks */ = {
			isa = PBXFrameworksBuildPhase;
			buildActionMask = 2147483647;
			files = (
			);
			runOnlyForDeploymentPostprocessing = 0;
		};
/* End PBXFrameworksBuildPhase section */

/* Begin PBXGroup section */
		04EC1B912074B2EB0069F13E = {
			isa = PBXGroup;
			children = (
				04EC1B9C2074B2EC0069F13E /* jimmy99885 */,
				04EC1BB12074B2ED0069F13E /* jimmy99885Tests */,
				04EC1BBC2074B2ED0069F13E /* jimmy99885UITests */,
				04EC1B9B2074B2EC0069F13E /* Products */,
			);
			sourceTree = "<group>";
		};
		04EC1B9B2074B2EC0069F13E /* Products */ = {
			isa = PBXGroup;
			children = (
				04EC1B9A2074B2EC0069F13E /* jimmy99885.app */,
				04EC1BAE2074B2ED0069F13E /* jimmy99885Tests.xctest */,
				04EC1BB92074B2ED0069F13E /* jimmy99885UITests.xctest */,
			);
			name = Products;
			sourceTree = "<group>";
		};
		04EC1B9C2074B2EC0069F13E /* jimmy99885 */ = {
			isa = PBXGroup;
			children = (
				04EC1B9D2074B2EC0069F13E /* AppDelegate.swift */,
				04EC1B9F2074B2EC0069F13E /* ViewController.swift */,
				04EC1BA12074B2EC0069F13E /* Main.storyboard */,
				04EC1BA42074B2ED0069F13E /* Assets.xcassets */,
				04EC1BA62074B2ED0069F13E /* LaunchScreen.storyboard */,
				04EC1BA92074B2ED0069F13E /* Info.plist */,
			);
			path = jimmy99885;
			sourceTree = "<group>";
		};
		04EC1BB12074B2ED0069F13E /* jimmy99885Tests */ = {
			isa = PBXGroup;
			children = (
				04EC1BB22074B2ED0069F13E /* jimmy99885Tests.swift */,
				04EC1BB42074B2ED0069F13E /* Info.plist */,
			);
			path = jimmy99885Tests;
			sourceTree = "<group>";
		};
		04EC1BBC2074B2ED0069F13E /* jimmy99885UITests */ = {
			isa = PBXGroup;
			children = (
				04EC1BBD2074B2ED0069F13E /* jimmy99885UITests.swift */,
				04EC1BBF2074B2ED0069F13E /* Info.plist */,
			);
			path = jimmy99885UITests;
			sourceTree = "<group>";
		};
/* End PBXGroup section */

/* Begin PBXNativeTarget section */
		04EC1B992074B2EC0069F13E /* jimmy99885 */ = {
			isa = PBXNativeTarget;
			buildConfigurationList = 04EC1BC22074B2ED0069F13E /* Build configuration list for PBXNativeTarget "jimmy99885" */;
			buildPhases = (
				04EC1B962074B2EC0069F13E /* Sources */,
				04EC1B972074B2EC0069F13E /* Frameworks */,
				04EC1B982074B2EC0069F13E /* Resources */,
			);
			buildRules = (
			);
			dependencies = (
			);
			name = jimmy99885;
			productName = jimmy99885;
			productReference = 04EC1B9A2074B2EC0069F13E /* jimmy99885.app */;
			productType = "com.apple.product-type.application";
		};
		04EC1BAD2074B2ED0069F13E /* jimmy99885Tests */ = {
			isa = PBXNativeTarget;
			buildConfigurationList = 04EC1BC52074B2ED0069F13E /* Build configuration list for PBXNativeTarget "jimmy99885Tests" */;
			buildPhases = (
				04EC1BAA2074B2ED0069F13E /* Sources */,
				04EC1BAB2074B2ED0069F13E /* Frameworks */,
				04EC1BAC2074B2ED0069F13E /* Resources */,
			);
			buildRules = (
			);
			dependencies = (
				04EC1BB02074B2ED0069F13E /* PBXTargetDependency */,
			);
			name = jimmy99885Tests;
			productName = jimmy99885Tests;
			productReference = 04EC1BAE2074B2ED0069F13E /* jimmy99885Tests.xctest */;
			productType = "com.apple.product-type.bundle.unit-test";
		};
		04EC1BB82074B2ED0069F13E /* jimmy99885UITests */ = {
			isa = PBXNativeTarget;
			buildConfigurationList = 04EC1BC82074B2ED0069F13E /* Build configuration list for PBXNativeTarget "jimmy99885UITests" */;
			buildPhases = (
				04EC1BB52074B2ED0069F13E /* Sources */,
				04EC1BB62074B2ED0069F13E /* Frameworks */,
				04EC1BB72074B2ED0069F13E /* Resources */,
			);
			buildRules = (
			);
			dependencies = (
				04EC1BBB2074B2ED0069F13E /* PBXTargetDependency */,
			);
			name = jimmy99885UITests;
			productName = jimmy99885UITests;
			productReference = 04EC1BB92074B2ED0069F13E /* jimmy99885UITests.xctest */;
			productType = "com.apple.product-type.bundle.ui-testing";
		};
/* End PBXNativeTarget section */

/* Begin PBXProject section */
		04EC1B922074B2EB0069F13E /* Project object */ = {
			isa = PBXProject;
			attributes = {
				LastSwiftUpdateCheck = 0930;
				LastUpgradeCheck = 0930;
				ORGANIZATIONNAME = jimmy;
				TargetAttributes = {
					04EC1B992074B2EC0069F13E = {
						CreatedOnToolsVersion = 9.3;
					};
					04EC1BAD2074B2ED0069F13E = {
						CreatedOnToolsVersion = 9.3;
						TestTargetID = 04EC1B992074B2EC0069F13E;
					};
					04EC1BB82074B2ED0069F13E = {
						CreatedOnToolsVersion = 9.3;
						TestTargetID = 04EC1B992074B2EC0069F13E;
					};
				};
			};
			buildConfigurationList = 04EC1B952074B2EB0069F13E /* Build configuration list for PBXProject "jimmy99885" */;
			compatibilityVersion = "Xcode 9.3";
			developmentRegion = en;
			hasScannedForEncodings = 0;
			knownRegions = (
				en,
				Base,
			);
			mainGroup = 04EC1B912074B2EB0069F13E;
			productRefGroup = 04EC1B9B2074B2EC0069F13E /* Products */;
			projectDirPath = "";
			projectRoot = "";
			targets = (
				04EC1B992074B2EC0069F13E /* jimmy99885 */,
				04EC1BAD2074B2ED0069F13E /* jimmy99885Tests */,
				04EC1BB82074B2ED0069F13E /* jimmy99885UITests */,
			);
		};
/* End PBXProject section */

/* Begin PBXResourcesBuildPhase section */
		04EC1B982074B2EC0069F13E /* Resources */ = {
			isa = PBXResourcesBuildPhase;
			buildActionMask = 2147483647;
			files = (
				04EC1BA82074B2ED0069F13E /* LaunchScreen.storyboard in Resources */,
				04EC1BA52074B2ED0069F13E /* Assets.xcassets in Resources */,
				04EC1BA32074B2EC0069F13E /* Main.storyboard in Resources */,
			);
			runOnlyForDeploymentPostprocessing = 0;
		};
		04EC1BAC2074B2ED0069F13E /* Resources */ = {
			isa = PBXResourcesBuildPhase;
			buildActionMask = 2147483647;
			files = (
			);
			runOnlyForDeploymentPostprocessing = 0;
		};
		04EC1BB72074B2ED0069F13E /* Resources */ = {
			isa = PBXResourcesBuildPhase;
			buildActionMask = 2147483647;
			files = (
			);
			runOnlyForDeploymentPostprocessing = 0;
		};
/* End PBXResourcesBuildPhase section */

/* Begin PBXSourcesBuildPhase section */
		04EC1B962074B2EC0069F13E /* Sources */ = {
			isa = PBXSourcesBuildPhase;
			buildActionMask = 2147483647;
			files = (
				04EC1BA02074B2EC0069F13E /* ViewController.swift in Sources */,
				04EC1B9E2074B2EC0069F13E /* AppDelegate.swift in Sources */,
			);
			runOnlyForDeploymentPostprocessing = 0;
		};
		04EC1BAA2074B2ED0069F13E /* Sources */ = {
			isa = PBXSourcesBuildPhase;
			buildActionMask = 2147483647;
			files = (
				04EC1BB32074B2ED0069F13E /* jimmy99885Tests.swift in Sources */,
			);
			runOnlyForDeploymentPostprocessing = 0;
		};
		04EC1BB52074B2ED0069F13E /* Sources */ = {
			isa = PBXSourcesBuildPhase;
			buildActionMask = 2147483647;
			files = (
				04EC1BBE2074B2ED0069F13E /* jimmy99885UITests.swift in Sources */,
			);
			runOnlyForDeploymentPostprocessing = 0;
		};
/* End PBXSourcesBuildPhase section */

/* Begin PBXTargetDependency section */
		04EC1BB02074B2ED0069F13E /* PBXTargetDependency */ = {
			isa = PBXTargetDependency;
			target = 04EC1B992074B2EC0069F13E /* jimmy99885 */;
			targetProxy = 04EC1BAF2074B2ED0069F13E /* PBXContainerItemProxy */;
		};
		04EC1BBB2074B2ED0069F13E /* PBXTargetDependency */ = {
			isa = PBXTargetDependency;
			target = 04EC1B992074B2EC0069F13E /* jimmy99885 */;
			targetProxy = 04EC1BBA2074B2ED0069F13E /* PBXContainerItemProxy */;
		};
/* End PBXTargetDependency section */

/* Begin PBXVariantGroup section */
		04EC1BA12074B2EC0069F13E /* Main.storyboard */ = {
			isa = PBXVariantGroup;
			children = (
				04EC1BA22074B2EC0069F13E /* Base */,
			);
			name = Main.storyboard;
			sourceTree = "<group>";
		};
		04EC1BA62074B2ED0069F13E /* LaunchScreen.storyboard */ = {
			isa = PBXVariantGroup;
			children = (
				04EC1BA72074B2ED0069F13E /* Base */,
			);
			name = LaunchScreen.storyboard;
			sourceTree = "<group>";
		};
/* End PBXVariantGroup section */

/* Begin XCBuildConfiguration section */
		04EC1BC02074B2ED0069F13E /* Debug */ = {
			isa = XCBuildConfiguration;
			buildSettings = {
				ALWAYS_SEARCH_USER_PATHS = NO;
				CLANG_ANALYZER_NONNULL = YES;
				CLANG_ANALYZER_NUMBER_OBJECT_CONVERSION = YES_AGGRESSIVE;
				CLANG_CXX_LANGUAGE_STANDARD = "gnu++14";
				CLANG_CXX_LIBRARY = "libc++";
				CLANG_ENABLE_MODULES = YES;
				CLANG_ENABLE_OBJC_ARC = YES;
				CLANG_ENABLE_OBJC_WEAK = YES;
				CLANG_WARN_BLOCK_CAPTURE_AUTORELEASING = YES;
				CLANG_WARN_BOOL_CONVERSION = YES;
				CLANG_WARN_COMMA = YES;
				CLANG_WARN_CONSTANT_CONVERSION = YES;
				CLANG_WARN_DEPRECATED_OBJC_IMPLEMENTATIONS = YES;
				CLANG_WARN_DIRECT_OBJC_ISA_USAGE = YES_ERROR;
				CLANG_WARN_DOCUMENTATION_COMMENTS = YES;
				CLANG_WARN_EMPTY_BODY = YES;
				CLANG_WARN_ENUM_CONVERSION = YES;
				CLANG_WARN_INFINITE_RECURSION = YES;
				CLANG_WARN_INT_CONVERSION = YES;
				CLANG_WARN_NON_LITERAL_NULL_CONVERSION = YES;
				CLANG_WARN_OBJC_IMPLICIT_RETAIN_SELF = YES;
				CLANG_WARN_OBJC_LITERAL_CONVERSION = YES;
				CLANG_WARN_OBJC_ROOT_CLASS = YES_ERROR;
				CLANG_WARN_RANGE_LOOP_ANALYSIS = YES;
				CLANG_WARN_STRICT_PROTOTYPES = YES;
				CLANG_WARN_SUSPICIOUS_MOVE = YES;
				CLANG_WARN_UNGUARDED_AVAILABILITY = YES_AGGRESSIVE;
				CLANG_WARN_UNREACHABLE_CODE = YES;
				CLANG_WARN__DUPLICATE_METHOD_MATCH = YES;
				CODE_SIGN_IDENTITY = "iPhone Developer";
				COPY_PHASE_STRIP = NO;
				DEBUG_INFORMATION_FORMAT = dwarf;
				ENABLE_STRICT_OBJC_MSGSEND = YES;
				ENABLE_TESTABILITY = YES;
				GCC_C_LANGUAGE_STANDARD = gnu11;
				GCC_DYNAMIC_NO_PIC = NO;
				GCC_NO_COMMON_BLOCKS = YES;
				GCC_OPTIMIZATION_LEVEL = 0;
				GCC_PREPROCESSOR_DEFINITIONS = (
					"DEBUG=1",
					"$(inherited)",
				);
				GCC_WARN_64_TO_32_BIT_CONVERSION = YES;
				GCC_WARN_ABOUT_RETURN_TYPE = YES_ERROR;
				GCC_WARN_UNDECLARED_SELECTOR = YES;
				GCC_WARN_UNINITIALIZED_AUTOS = YES_AGGRESSIVE;
				GCC_WARN_UNUSED_FUNCTION = YES;
				GCC_WARN_UNUSED_VARIABLE = YES;
				IPHONEOS_DEPLOYMENT_TARGET = 11.3;
				MTL_ENABLE_DEBUG_INFO = YES;
				ONLY_ACTIVE_ARCH = YES;
				SDKROOT = iphoneos;
				SWIFT_ACTIVE_COMPILATION_CONDITIONS = DEBUG;
				SWIFT_OPTIMIZATION_LEVEL = "-Onone";
			};
			name = Debug;
		};
		04EC1BC12074B2ED0069F13E /* Release */ = {
			isa = XCBuildConfiguration;
			buildSettings = {
				ALWAYS_SEARCH_USER_PATHS = NO;
				CLANG_ANALYZER_NONNULL = YES;
				CLANG_ANALYZER_NUMBER_OBJECT_CONVERSION = YES_AGGRESSIVE;
				CLANG_CXX_LANGUAGE_STANDARD = "gnu++14";
				CLANG_CXX_LIBRARY = "libc++";
				CLANG_ENABLE_MODULES = YES;
				CLANG_ENABLE_OBJC_ARC = YES;
				CLANG_ENABLE_OBJC_WEAK = YES;
				CLANG_WARN_BLOCK_CAPTURE_AUTORELEASING = YES;
				CLANG_WARN_BOOL_CONVERSION = YES;
				CLANG_WARN_COMMA = YES;
				CLANG_WARN_CONSTANT_CONVERSION = YES;
				CLANG_WARN_DEPRECATED_OBJC_IMPLEMENTATIONS = YES;
				CLANG_WARN_DIRECT_OBJC_ISA_USAGE = YES_ERROR;
				CLANG_WARN_DOCUMENTATION_COMMENTS = YES;
				CLANG_WARN_EMPTY_BODY = YES;
				CLANG_WARN_ENUM_CONVERSION = YES;
				CLANG_WARN_INFINITE_RECURSION = YES;
				CLANG_WARN_INT_CONVERSION = YES;
				CLANG_WARN_NON_LITERAL_NULL_CONVERSION = YES;
				CLANG_WARN_OBJC_IMPLICIT_RETAIN_SELF = YES;
				CLANG_WARN_OBJC_LITERAL_CONVERSION = YES;
				CLANG_WARN_OBJC_ROOT_CLASS = YES_ERROR;
				CLANG_WARN_RANGE_LOOP_ANALYSIS = YES;
				CLANG_WARN_STRICT_PROTOTYPES = YES;
				CLANG_WARN_SUSPICIOUS_MOVE = YES;
				CLANG_WARN_UNGUARDED_AVAILABILITY = YES_AGGRESSIVE;
				CLANG_WARN_UNREACHABLE_CODE = YES;
				CLANG_WARN__DUPLICATE_METHOD_MATCH = YES;
				CODE_SIGN_IDENTITY = "iPhone Developer";
				COPY_PHASE_STRIP = NO;
				DEBUG_INFORMATION_FORMAT = "dwarf-with-dsym";
				ENABLE_NS_ASSERTIONS = NO;
				ENABLE_STRICT_OBJC_MSGSEND = YES;
				GCC_C_LANGUAGE_STANDARD = gnu11;
				GCC_NO_COMMON_BLOCKS = YES;
				GCC_WARN_64_TO_32_BIT_CONVERSION = YES;
				GCC_WARN_ABOUT_RETURN_TYPE = YES_ERROR;
				GCC_WARN_UNDECLARED_SELECTOR = YES;
				GCC_WARN_UNINITIALIZED_AUTOS = YES_AGGRESSIVE;
				GCC_WARN_UNUSED_FUNCTION = YES;
				GCC_WARN_UNUSED_VARIABLE = YES;
				IPHONEOS_DEPLOYMENT_TARGET = 11.3;
				MTL_ENABLE_DEBUG_INFO = NO;
				SDKROOT = iphoneos;
				SWIFT_COMPILATION_MODE = wholemodule;
				SWIFT_OPTIMIZATION_LEVEL = "-O";
				VALIDATE_PRODUCT = YES;
			};
			name = Release;
		};
		04EC1BC32074B2ED0069F13E /* Debug */ = {
			isa = XCBuildConfiguration;
			buildSettings = {
				ASSETCATALOG_COMPILER_APPICON_NAME = AppIcon;
				CODE_SIGN_STYLE = Automatic;
				INFOPLIST_FILE = jimmy99885/Info.plist;
				LD_RUNPATH_SEARCH_PATHS = (
					"$(inherited)",
					"@executable_path/Frameworks",
				);
				PRODUCT_BUNDLE_IDENTIFIER = jimmy.jimmy99885;
				PRODUCT_NAME = "$(TARGET_NAME)";
				SWIFT_VERSION = 4.0;
				TARGETED_DEVICE_FAMILY = "1,2";
			};
			name = Debug;
		};
		04EC1BC42074B2ED0069F13E /* Release */ = {
			isa = XCBuildConfiguration;
			buildSettings = {
				ASSETCATALOG_COMPILER_APPICON_NAME = AppIcon;
				CODE_SIGN_STYLE = Automatic;
				INFOPLIST_FILE = jimmy99885/Info.plist;
				LD_RUNPATH_SEARCH_PATHS = (
					"$(inherited)",
					"@executable_path/Frameworks",
				);
				PRODUCT_BUNDLE_IDENTIFIER = jimmy.jimmy99885;
				PRODUCT_NAME = "$(TARGET_NAME)";
				SWIFT_VERSION = 4.0;
				TARGETED_DEVICE_FAMILY = "1,2";
			};
			name = Release;
		};
		04EC1BC62074B2ED0069F13E /* Debug */ = {
			isa = XCBuildConfiguration;
			buildSettings = {
				ALWAYS_EMBED_SWIFT_STANDARD_LIBRARIES = YES;
				BUNDLE_LOADER = "$(TEST_HOST)";
				CODE_SIGN_STYLE = Automatic;
				INFOPLIST_FILE = jimmy99885Tests/Info.plist;
				LD_RUNPATH_SEARCH_PATHS = (
					"$(inherited)",
					"@executable_path/Frameworks",
					"@loader_path/Frameworks",
				);
				PRODUCT_BUNDLE_IDENTIFIER = jimmy.jimmy99885Tests;
				PRODUCT_NAME = "$(TARGET_NAME)";
				SWIFT_VERSION = 4.0;
				TARGETED_DEVICE_FAMILY = "1,2";
				TEST_HOST = "$(BUILT_PRODUCTS_DIR)/jimmy99885.app/jimmy99885";
			};
			name = Debug;
		};
		04EC1BC72074B2ED0069F13E /* Release */ = {
			isa = XCBuildConfiguration;
			buildSettings = {
				ALWAYS_EMBED_SWIFT_STANDARD_LIBRARIES = YES;
				BUNDLE_LOADER = "$(TEST_HOST)";
				CODE_SIGN_STYLE = Automatic;
				INFOPLIST_FILE = jimmy99885Tests/Info.plist;
				LD_RUNPATH_SEARCH_PATHS = (
					"$(inherited)",
					"@executable_path/Frameworks",
					"@loader_path/Frameworks",
				);
				PRODUCT_BUNDLE_IDENTIFIER = jimmy.jimmy99885Tests;
				PRODUCT_NAME = "$(TARGET_NAME)";
				SWIFT_VERSION = 4.0;
				TARGETED_DEVICE_FAMILY = "1,2";
				TEST_HOST = "$(BUILT_PRODUCTS_DIR)/jimmy99885.app/jimmy99885";
			};
			name = Release;
		};
		04EC1BC92074B2ED0069F13E /* Debug */ = {
			isa = XCBuildConfiguration;
			buildSettings = {
				ALWAYS_EMBED_SWIFT_STANDARD_LIBRARIES = YES;
				CODE_SIGN_STYLE = Automatic;
				INFOPLIST_FILE = jimmy99885UITests/Info.plist;
				LD_RUNPATH_SEARCH_PATHS = (
					"$(inherited)",
					"@executable_path/Frameworks",
					"@loader_path/Frameworks",
				);
				PRODUCT_BUNDLE_IDENTIFIER = jimmy.jimmy99885UITests;
				PRODUCT_NAME = "$(TARGET_NAME)";
				SWIFT_VERSION = 4.0;
				TARGETED_DEVICE_FAMILY = "1,2";
				TEST_TARGET_NAME = jimmy99885;
			};
			name = Debug;
		};
		04EC1BCA2074B2ED0069F13E /* Release */ = {
			isa = XCBuildConfiguration;
			buildSettings = {
				ALWAYS_EMBED_SWIFT_STANDARD_LIBRARIES = YES;
				CODE_SIGN_STYLE = Automatic;
				INFOPLIST_FILE = jimmy99885UITests/Info.plist;
				LD_RUNPATH_SEARCH_PATHS = (
					"$(inherited)",
					"@executable_path/Frameworks",
					"@loader_path/Frameworks",
				);
				PRODUCT_BUNDLE_IDENTIFIER = jimmy.jimmy99885UITests;
				PRODUCT_NAME = "$(TARGET_NAME)";
				SWIFT_VERSION = 4.0;
				TARGETED_DEVICE_FAMILY = "1,2";
				TEST_TARGET_NAME = jimmy99885;
			};
			name = Release;
		};
/* End XCBuildConfiguration section */

/* Begin XCConfigurationList section */
		04EC1B952074B2EB0069F13E /* Build configuration list for PBXProject "jimmy99885" */ = {
			isa = XCConfigurationList;
			buildConfigurations = (
				04EC1BC02074B2ED0069F13E /* Debug */,
				04EC1BC12074B2ED0069F13E /* Release */,
			);
			defaultConfigurationIsVisible = 0;
			defaultConfigurationName = Release;
		};
		04EC1BC22074B2ED0069F13E /* Build configuration list for PBXNativeTarget "jimmy99885" */ = {
			isa = XCConfigurationList;
			buildConfigurations = (
				04EC1BC32074B2ED0069F13E /* Debug */,
				04EC1BC42074B2ED0069F13E /* Release */,
			);
			defaultConfigurationIsVisible = 0;
			defaultConfigurationName = Release;
		};
		04EC1BC52074B2ED0069F13E /* Build configuration list for PBXNativeTarget "jimmy99885Tests" */ = {
			isa = XCConfigurationList;
			buildConfigurations = (
				04EC1BC62074B2ED0069F13E /* Debug */,
				04EC1BC72074B2ED0069F13E /* Release */,
			);
			defaultConfigurationIsVisible = 0;
			defaultConfigurationName = Release;
		};
		04EC1BC82074B2ED0069F13E /* Build configuration list for PBXNativeTarget "jimmy99885UITests" */ = {
			isa = XCConfigurationList;
			buildConfigurations = (
				04EC1BC92074B2ED0069F13E /* Debug */,
				04EC1BCA2074B2ED0069F13E /* Release */,
			);
			defaultConfigurationIsVisible = 0;
			defaultConfigurationName = Release;
		};
/* End XCConfigurationList section */
	};
	rootObject = 04EC1B922074B2EB0069F13E /* Project object */;
}
